// !$*UTF8*$!
{
	archiveVersion = 1;
	classes = {
	};
	objectVersion = 55;
	objects = {

/* Begin PBXBuildFile section */
		C723BAB5279C86A0006D641C /* LoginViewController.swift in Sources */ = {isa = PBXBuildFile; fileRef = C723BAB4279C86A0006D641C /* LoginViewController.swift */; };
		C723BAB8279DAAE9006D641C /* LaunchScreen.storyboard in Resources */ = {isa = PBXBuildFile; fileRef = C723BAB6279DAAE9006D641C /* LaunchScreen.storyboard */; };
		C723BAB9279DAAE9006D641C /* Main.storyboard in Resources */ = {isa = PBXBuildFile; fileRef = C723BAB7279DAAE9006D641C /* Main.storyboard */; };
		C723BAC0279DEE49006D641C /* LibrosViewController.swift in Sources */ = {isa = PBXBuildFile; fileRef = C723BABF279DEE49006D641C /* LibrosViewController.swift */; };
		C723BAC2279DEE92006D641C /* SiginViewController.swift in Sources */ = {isa = PBXBuildFile; fileRef = C723BAC1279DEE92006D641C /* SiginViewController.swift */; };
		C723BAC4279DF0EE006D641C /* LibroObject.swift in Sources */ = {isa = PBXBuildFile; fileRef = C723BAC3279DF0ED006D641C /* LibroObject.swift */; };
		C723BAC6279DFA47006D641C /* BibliotecaTableViewCell.swift in Sources */ = {isa = PBXBuildFile; fileRef = C723BAC5279DFA47006D641C /* BibliotecaTableViewCell.swift */; };
		C723BAC8279E4302006D641C /* DetailBookViewController.swift in Sources */ = {isa = PBXBuildFile; fileRef = C723BAC7279E4302006D641C /* DetailBookViewController.swift */; };
		C75237EA279A76070077108F /* AppDelegate.swift in Sources */ = {isa = PBXBuildFile; fileRef = C75237E9279A76070077108F /* AppDelegate.swift */; };
		C75237EC279A76070077108F /* SceneDelegate.swift in Sources */ = {isa = PBXBuildFile; fileRef = C75237EB279A76070077108F /* SceneDelegate.swift */; };
		C75237EE279A76070077108F /* ViewController.swift in Sources */ = {isa = PBXBuildFile; fileRef = C75237ED279A76070077108F /* ViewController.swift */; };
		C75237F3279A76090077108F /* Assets.xcassets in Resources */ = {isa = PBXBuildFile; fileRef = C75237F2279A76090077108F /* Assets.xcassets */; };
/* End PBXBuildFile section */

/* Begin PBXFileReference section */
		C723BAB4279C86A0006D641C /* LoginViewController.swift */ = {isa = PBXFileReference; lastKnownFileType = sourcecode.swift; path = LoginViewController.swift; sourceTree = "<group>"; };
		C723BAB6279DAAE9006D641C /* LaunchScreen.storyboard */ = {isa = PBXFileReference; fileEncoding = 4; lastKnownFileType = file.storyboard; path = LaunchScreen.storyboard; sourceTree = "<group>"; };
		C723BAB7279DAAE9006D641C /* Main.storyboard */ = {isa = PBXFileReference; fileEncoding = 4; lastKnownFileType = file.storyboard; path = Main.storyboard; sourceTree = "<group>"; };
		C723BABF279DEE49006D641C /* LibrosViewController.swift */ = {isa = PBXFileReference; lastKnownFileType = sourcecode.swift; path = LibrosViewController.swift; sourceTree = "<group>"; };
		C723BAC1279DEE92006D641C /* SiginViewController.swift */ = {isa = PBXFileReference; lastKnownFileType = sourcecode.swift; path = SiginViewController.swift; sourceTree = "<group>"; };
		C723BAC3279DF0ED006D641C /* LibroObject.swift */ = {isa = PBXFileReference; lastKnownFileType = sourcecode.swift; path = LibroObject.swift; sourceTree = "<group>"; };
		C723BAC5279DFA47006D641C /* BibliotecaTableViewCell.swift */ = {isa = PBXFileReference; lastKnownFileType = sourcecode.swift; path = BibliotecaTableViewCell.swift; sourceTree = "<group>"; };
		C723BAC7279E4302006D641C /* DetailBookViewController.swift */ = {isa = PBXFileReference; lastKnownFileType = sourcecode.swift; path = DetailBookViewController.swift; sourceTree = "<group>"; };
		C75237E6279A76070077108F /* AppLibros2.app */ = {isa = PBXFileReference; explicitFileType = wrapper.application; includeInIndex = 0; path = AppLibros2.app; sourceTree = BUILT_PRODUCTS_DIR; };
		C75237E9279A76070077108F /* AppDelegate.swift */ = {isa = PBXFileReference; lastKnownFileType = sourcecode.swift; path = AppDelegate.swift; sourceTree = "<group>"; };
		C75237EB279A76070077108F /* SceneDelegate.swift */ = {isa = PBXFileReference; lastKnownFileType = sourcecode.swift; path = SceneDelegate.swift; sourceTree = "<group>"; };
		C75237ED279A76070077108F /* ViewController.swift */ = {isa = PBXFileReference; lastKnownFileType = sourcecode.swift; path = ViewController.swift; sourceTree = "<group>"; };
		C75237F2279A76090077108F /* Assets.xcassets */ = {isa = PBXFileReference; lastKnownFileType = folder.assetcatalog; path = Assets.xcassets; sourceTree = "<group>"; };
		C75237F7279A76090077108F /* Info.plist */ = {isa = PBXFileReference; lastKnownFileType = text.plist.xml; path = Info.plist; sourceTree = "<group>"; };
/* End PBXFileReference section */

/* Begin PBXFrameworksBuildPhase section */
		C75237E3279A76070077108F /* Frameworks */ = {
			isa = PBXFrameworksBuildPhase;
			buildActionMask = 2147483647;
			files = (
			);
			runOnlyForDeploymentPostprocessing = 0;
		};
/* End PBXFrameworksBuildPhase section */

/* Begin PBXGroup section */
		C723BABA279DD3C9006D641C /* Login */ = {
			isa = PBXGroup;
			children = (
				C723BAB4279C86A0006D641C /* LoginViewController.swift */,
			);
			path = Login;
			sourceTree = "<group>";
		};
		C723BABE279DED51006D641C /* Libros */ = {
			isa = PBXGroup;
			children = (
				C723BABF279DEE49006D641C /* LibrosViewController.swift */,
				C723BAC5279DFA47006D641C /* BibliotecaTableViewCell.swift */,
				C723BAC3279DF0ED006D641C /* LibroObject.swift */,
				C723BAC9279E5D19006D641C /* Detail */,
			);
			path = Libros;
			sourceTree = "<group>";
		};
		C723BAC9279E5D19006D641C /* Detail */ = {
			isa = PBXGroup;
			children = (
				C723BAC7279E4302006D641C /* DetailBookViewController.swift */,
			);
			path = Detail;
			sourceTree = "<group>";
		};
		C723BACC279E9A88006D641C /* Sigin */ = {
			isa = PBXGroup;
			children = (
				C723BAC1279DEE92006D641C /* SiginViewController.swift */,
			);
			path = Sigin;
			sourceTree = "<group>";
		};
		C75237DD279A76070077108F = {
			isa = PBXGroup;
			children = (
				C75237E8279A76070077108F /* AppLibros */,
				C75237E7279A76070077108F /* Products */,
			);
			sourceTree = "<group>";
		};
		C75237E7279A76070077108F /* Products */ = {
			isa = PBXGroup;
			children = (
				C75237E6279A76070077108F /* AppLibros2.app */,
			);
			name = Products;
			sourceTree = "<group>";
		};
		C75237E8279A76070077108F /* AppLibros */ = {
			isa = PBXGroup;
			children = (
				C75237ED279A76070077108F /* ViewController.swift */,
				C723BABE279DED51006D641C /* Libros */,
				C723BABA279DD3C9006D641C /* Login */,
				C723BACC279E9A88006D641C /* Sigin */,
				C75237F2279A76090077108F /* Assets.xcassets */,
				C75237E9279A76070077108F /* AppDelegate.swift */,
				C75237EB279A76070077108F /* SceneDelegate.swift */,
				C723BAB6279DAAE9006D641C /* LaunchScreen.storyboard */,
				C723BAB7279DAAE9006D641C /* Main.storyboard */,
				C75237F7279A76090077108F /* Info.plist */,
			);
			path = AppLibros;
			sourceTree = "<group>";
		};
/* End PBXGroup section */

/* Begin PBXNativeTarget section */
		C75237E5279A76070077108F /* AppLibros2 */ = {
			isa = PBXNativeTarget;
			buildConfigurationList = C75237FA279A76090077108F /* Build configuration list for PBXNativeTarget "AppLibros2" */;
			buildPhases = (
				C75237E2279A76070077108F /* Sources */,
				C75237E3279A76070077108F /* Frameworks */,
				C75237E4279A76070077108F /* Resources */,
			);
			buildRules = (
			);
			dependencies = (
			);
			name = AppLibros2;
			productName = AppLibros;
			productReference = C75237E6279A76070077108F /* AppLibros2.app */;
			productType = "com.apple.product-type.application";
		};
/* End PBXNativeTarget section */

/* Begin PBXProject section */
		C75237DE279A76070077108F /* Project object */ = {
			isa = PBXProject;
			attributes = {
				BuildIndependentTargetsInParallel = 1;
				LastSwiftUpdateCheck = 1320;
				LastUpgradeCheck = 1320;
				TargetAttributes = {
					C75237E5279A76070077108F = {
						CreatedOnToolsVersion = 13.2;
					};
				};
			};
			buildConfigurationList = C75237E1279A76070077108F /* Build configuration list for PBXProject "AppLibros2" */;
			compatibilityVersion = "Xcode 13.0";
			developmentRegion = en;
			hasScannedForEncodings = 0;
			knownRegions = (
				en,
				Base,
			);
			mainGroup = C75237DD279A76070077108F;
			productRefGroup = C75237E7279A76070077108F /* Products */;
			projectDirPath = "";
			projectRoot = "";
			targets = (
				C75237E5279A76070077108F /* AppLibros2 */,
			);
		};
/* End PBXProject section */

/* Begin PBXResourcesBuildPhase section */
		C75237E4279A76070077108F /* Resources */ = {
			isa = PBXResourcesBuildPhase;
			buildActionMask = 2147483647;
			files = (
				C723BAB9279DAAE9006D641C /* Main.storyboard in Resources */,
				C75237F3279A76090077108F /* Assets.xcassets in Resources */,
				C723BAB8279DAAE9006D641C /* LaunchScreen.storyboard in Resources */,
			);
			runOnlyForDeploymentPostprocessing = 0;
		};
/* End PBXResourcesBuildPhase section */

/* Begin PBXSourcesBuildPhase section */
		C75237E2279A76070077108F /* Sources */ = {
			isa = PBXSourcesBuildPhase;
			buildActionMask = 2147483647;
			files = (
				C723BAC4279DF0EE006D641C /* LibroObject.swift in Sources */,
				C723BAC8279E4302006D641C /* DetailBookViewController.swift in Sources */,
				C723BAC0279DEE49006D641C /* LibrosViewController.swift in Sources */,
				C723BAB5279C86A0006D641C /* LoginViewController.swift in Sources */,
				C75237EE279A76070077108F /* ViewController.swift in Sources */,
				C723BAC6279DFA47006D641C /* BibliotecaTableViewCell.swift in Sources */,
				C75237EA279A76070077108F /* AppDelegate.swift in Sources */,
				C723BAC2279DEE92006D641C /* SiginViewController.swift in Sources */,
				C75237EC279A76070077108F /* SceneDelegate.swift in Sources */,
			);
			runOnlyForDeploymentPostprocessing = 0;
		};
/* End PBXSourcesBuildPhase section */

/* Begin XCBuildConfiguration section */
		C75237F8279A76090077108F /* Debug */ = {
			isa = XCBuildConfiguration;
			buildSettings = {
				ALWAYS_SEARCH_USER_PATHS = NO;
				CLANG_ANALYZER_NONNULL = YES;
				CLANG_ANALYZER_NUMBER_OBJECT_CONVERSION = YES_AGGRESSIVE;
				CLANG_CXX_LANGUAGE_STANDARD = "gnu++17";
				CLANG_CXX_LIBRARY = "libc++";
				CLANG_ENABLE_MODULES = YES;
				CLANG_ENABLE_OBJC_ARC = YES;
				CLANG_ENABLE_OBJC_WEAK = YES;
				CLANG_WARN_BLOCK_CAPTURE_AUTORELEASING = YES;
				CLANG_WARN_BOOL_CONVERSION = YES;
				CLANG_WARN_COMMA = YES;
				CLANG_WARN_CONSTANT_CONVERSION = YES;
				CLANG_WARN_DEPRECATED_OBJC_IMPLEMENTATIONS = YES;
				CLANG_WARN_DIRECT_OBJC_ISA_USAGE = YES_ERROR;
				CLANG_WARN_DOCUMENTATION_COMMENTS = YES;
				CLANG_WARN_EMPTY_BODY = YES;
				CLANG_WARN_ENUM_CONVERSION = YES;
				CLANG_WARN_INFINITE_RECURSION = YES;
				CLANG_WARN_INT_CONVERSION = YES;
				CLANG_WARN_NON_LITERAL_NULL_CONVERSION = YES;
				CLANG_WARN_OBJC_IMPLICIT_RETAIN_SELF = YES;
				CLANG_WARN_OBJC_LITERAL_CONVERSION = YES;
				CLANG_WARN_OBJC_ROOT_CLASS = YES_ERROR;
				CLANG_WARN_QUOTED_INCLUDE_IN_FRAMEWORK_HEADER = YES;
				CLANG_WARN_RANGE_LOOP_ANALYSIS = YES;
				CLANG_WARN_STRICT_PROTOTYPES = YES;
				CLANG_WARN_SUSPICIOUS_MOVE = YES;
				CLANG_WARN_UNGUARDED_AVAILABILITY = YES_AGGRESSIVE;
				CLANG_WARN_UNREACHABLE_CODE = YES;
				CLANG_WARN__DUPLICATE_METHOD_MATCH = YES;
				COPY_PHASE_STRIP = NO;
				DEBUG_INFORMATION_FORMAT = dwarf;
				ENABLE_STRICT_OBJC_MSGSEND = YES;
				ENABLE_TESTABILITY = YES;
				GCC_C_LANGUAGE_STANDARD = gnu11;
				GCC_DYNAMIC_NO_PIC = NO;
				GCC_NO_COMMON_BLOCKS = YES;
				GCC_OPTIMIZATION_LEVEL = 0;
				GCC_PREPROCESSOR_DEFINITIONS = (
					"DEBUG=1",
					"$(inherited)",
				);
				GCC_WARN_64_TO_32_BIT_CONVERSION = YES;
				GCC_WARN_ABOUT_RETURN_TYPE = YES_ERROR;
				GCC_WARN_UNDECLARED_SELECTOR = YES;
				GCC_WARN_UNINITIALIZED_AUTOS = YES_AGGRESSIVE;
				GCC_WARN_UNUSED_FUNCTION = YES;
				GCC_WARN_UNUSED_VARIABLE = YES;
				IPHONEOS_DEPLOYMENT_TARGET = 15.2;
				MTL_ENABLE_DEBUG_INFO = INCLUDE_SOURCE;
				MTL_FAST_MATH = YES;
				ONLY_ACTIVE_ARCH = YES;
				SDKROOT = iphoneos;
				SWIFT_ACTIVE_COMPILATION_CONDITIONS = DEBUG;
				SWIFT_OPTIMIZATION_LEVEL = "-Onone";
			};
			name = Debug;
		};
		C75237F9279A76090077108F /* Release */ = {
			isa = XCBuildConfiguration;
			buildSettings = {
				ALWAYS_SEARCH_USER_PATHS = NO;
				CLANG_ANALYZER_NONNULL = YES;
				CLANG_ANALYZER_NUMBER_OBJECT_CONVERSION = YES_AGGRESSIVE;
				CLANG_CXX_LANGUAGE_STANDARD = "gnu++17";
				CLANG_CXX_LIBRARY = "libc++";
				CLANG_ENABLE_MODULES = YES;
				CLANG_ENABLE_OBJC_ARC = YES;
				CLANG_ENABLE_OBJC_WEAK = YES;
				CLANG_WARN_BLOCK_CAPTURE_AUTORELEASING = YES;
				CLANG_WARN_BOOL_CONVERSION = YES;
				CLANG_WARN_COMMA = YES;
				CLANG_WARN_CONSTANT_CONVERSION = YES;
				CLANG_WARN_DEPRECATED_OBJC_IMPLEMENTATIONS = YES;
				CLANG_WARN_DIRECT_OBJC_ISA_USAGE = YES_ERROR;
				CLANG_WARN_DOCUMENTATION_COMMENTS = YES;
				CLANG_WARN_EMPTY_BODY = YES;
				CLANG_WARN_ENUM_CONVERSION = YES;
				CLANG_WARN_INFINITE_RECURSION = YES;
				CLANG_WARN_INT_CONVERSION = YES;
				CLANG_WARN_NON_LITERAL_NULL_CONVERSION = YES;
				CLANG_WARN_OBJC_IMPLICIT_RETAIN_SELF = YES;
				CLANG_WARN_OBJC_LITERAL_CONVERSION = YES;
				CLANG_WARN_OBJC_ROOT_CLASS = YES_ERROR;
				CLANG_WARN_QUOTED_INCLUDE_IN_FRAMEWORK_HEADER = YES;
				CLANG_WARN_RANGE_LOOP_ANALYSIS = YES;
				CLANG_WARN_STRICT_PROTOTYPES = YES;
				CLANG_WARN_SUSPICIOUS_MOVE = YES;
				CLANG_WARN_UNGUARDED_AVAILABILITY = YES_AGGRESSIVE;
				CLANG_WARN_UNREACHABLE_CODE = YES;
				CLANG_WARN__DUPLICATE_METHOD_MATCH = YES;
				COPY_PHASE_STRIP = NO;
				DEBUG_INFORMATION_FORMAT = "dwarf-with-dsym";
				ENABLE_NS_ASSERTIONS = NO;
				ENABLE_STRICT_OBJC_MSGSEND = YES;
				GCC_C_LANGUAGE_STANDARD = gnu11;
				GCC_NO_COMMON_BLOCKS = YES;
				GCC_WARN_64_TO_32_BIT_CONVERSION = YES;
				GCC_WARN_ABOUT_RETURN_TYPE = YES_ERROR;
				GCC_WARN_UNDECLARED_SELECTOR = YES;
				GCC_WARN_UNINITIALIZED_AUTOS = YES_AGGRESSIVE;
				GCC_WARN_UNUSED_FUNCTION = YES;
				GCC_WARN_UNUSED_VARIABLE = YES;
				IPHONEOS_DEPLOYMENT_TARGET = 15.2;
				MTL_ENABLE_DEBUG_INFO = NO;
				MTL_FAST_MATH = YES;
				SDKROOT = iphoneos;
				SWIFT_COMPILATION_MODE = wholemodule;
				SWIFT_OPTIMIZATION_LEVEL = "-O";
				VALIDATE_PRODUCT = YES;
			};
			name = Release;
		};
		C75237FB279A76090077108F /* Debug */ = {
			isa = XCBuildConfiguration;
			buildSettings = {
				ASSETCATALOG_COMPILER_APPICON_NAME = AppIcon;
				ASSETCATALOG_COMPILER_GLOBAL_ACCENT_COLOR_NAME = AccentColor;
				CODE_SIGN_STYLE = Automatic;
				CURRENT_PROJECT_VERSION = 1;
				DEVELOPMENT_TEAM = 7J58VMDCUU;
				GENERATE_INFOPLIST_FILE = YES;
				INFOPLIST_FILE = AppLibros/Info.plist;
				INFOPLIST_KEY_CFBundleDisplayName = AppLibros2;
				INFOPLIST_KEY_UIApplicationSupportsIndirectInputEvents = YES;
				INFOPLIST_KEY_UILaunchStoryboardName = LaunchScreen;
				INFOPLIST_KEY_UIMainStoryboardFile = Main;
				INFOPLIST_KEY_UISupportedInterfaceOrientations_iPad = "UIInterfaceOrientationPortrait UIInterfaceOrientationPortraitUpsideDown UIInterfaceOrientationLandscapeLeft UIInterfaceOrientationLandscapeRight";
				INFOPLIST_KEY_UISupportedInterfaceOrientations_iPhone = "UIInterfaceOrientationPortrait UIInterfaceOrientationLandscapeLeft UIInterfaceOrientationLandscapeRight";
				LD_RUNPATH_SEARCH_PATHS = (
					"$(inherited)",
					"@executable_path/Frameworks",
				);
				MARKETING_VERSION = 1.0;
				PRODUCT_BUNDLE_IDENTIFIER = com.sgpv.AppLibros;
				PRODUCT_NAME = "$(TARGET_NAME)";
				SWIFT_EMIT_LOC_STRINGS = YES;
				SWIFT_VERSION = 5.0;
				TARGETED_DEVICE_FAMILY = "1,2";
			};
			name = Debug;
		};
		C75237FC279A76090077108F /* Release */ = {
			isa = XCBuildConfiguration;
			buildSettings = {
				ASSETCATALOG_COMPILER_APPICON_NAME = AppIcon;
				ASSETCATALOG_COMPILER_GLOBAL_ACCENT_COLOR_NAME = AccentColor;
				CODE_SIGN_STYLE = Automatic;
				CURRENT_PROJECT_VERSION = 1;
				DEVELOPMENT_TEAM = 7J58VMDCUU;
				GENERATE_INFOPLIST_FILE = YES;
				INFOPLIST_FILE = AppLibros/Info.plist;
				INFOPLIST_KEY_CFBundleDisplayName = AppLibros2;
				INFOPLIST_KEY_UIApplicationSupportsIndirectInputEvents = YES;
				INFOPLIST_KEY_UILaunchStoryboardName = LaunchScreen;
				INFOPLIST_KEY_UIMainStoryboardFile = Main;
				INFOPLIST_KEY_UISupportedInterfaceOrientations_iPad = "UIInterfaceOrientationPortrait UIInterfaceOrientationPortraitUpsideDown UIInterfaceOrientationLandscapeLeft UIInterfaceOrientationLandscapeRight";
				INFOPLIST_KEY_UISupportedInterfaceOrientations_iPhone = "UIInterfaceOrientationPortrait UIInterfaceOrientationLandscapeLeft UIInterfaceOrientationLandscapeRight";
				LD_RUNPATH_SEARCH_PATHS = (
					"$(inherited)",
					"@executable_path/Frameworks",
				);
				MARKETING_VERSION = 1.0;
				PRODUCT_BUNDLE_IDENTIFIER = com.sgpv.AppLibros;
				PRODUCT_NAME = "$(TARGET_NAME)";
				SWIFT_EMIT_LOC_STRINGS = YES;
				SWIFT_VERSION = 5.0;
				TARGETED_DEVICE_FAMILY = "1,2";
			};
			name = Release;
		};
/* End XCBuildConfiguration section */

/* Begin XCConfigurationList section */
		C75237E1279A76070077108F /* Build configuration list for PBXProject "AppLibros2" */ = {
			isa = XCConfigurationList;
			buildConfigurations = (
				C75237F8279A76090077108F /* Debug */,
				C75237F9279A76090077108F /* Release */,
			);
			defaultConfigurationIsVisible = 0;
			defaultConfigurationName = Release;
		};
		C75237FA279A76090077108F /* Build configuration list for PBXNativeTarget "AppLibros2" */ = {
			isa = XCConfigurationList;
			buildConfigurations = (
				C75237FB279A76090077108F /* Debug */,
				C75237FC279A76090077108F /* Release */,
			);
			defaultConfigurationIsVisible = 0;
			defaultConfigurationName = Release;
		};
/* End XCConfigurationList section */
	};
	rootObject = C75237DE279A76070077108F /* Project object */;
}
